// !$*UTF8*$!
{
	archiveVersion = 1;
	classes = {
	};
	objectVersion = 56;
	objects = {

/* Begin PBXBuildFile section */
		5F0777D22B956EA900FBA7E2 /* AppTheme.swift in Sources */ = {isa = PBXBuildFile; fileRef = 5F0777D12B956EA900FBA7E2 /* AppTheme.swift */; };
		5F0777D62B95772D00FBA7E2 /* Screen+Extension.swift in Sources */ = {isa = PBXBuildFile; fileRef = 5F0777D52B95772D00FBA7E2 /* Screen+Extension.swift */; };
		5F0777DA2B964E0700FBA7E2 /* HomeHeaderCollectionViewCell.swift in Sources */ = {isa = PBXBuildFile; fileRef = 5F0777D92B964E0700FBA7E2 /* HomeHeaderCollectionViewCell.swift */; };
		5F0777DC2B98146300FBA7E2 /* NetworkConstants.swift in Sources */ = {isa = PBXBuildFile; fileRef = 5F0777DB2B98146300FBA7E2 /* NetworkConstants.swift */; };
		5F0777DE2B98187A00FBA7E2 /* NetworkCaller.swift in Sources */ = {isa = PBXBuildFile; fileRef = 5F0777DD2B98187A00FBA7E2 /* NetworkCaller.swift */; };
		5F0777E02B981DEE00FBA7E2 /* HomeViewModelContracts.swift in Sources */ = {isa = PBXBuildFile; fileRef = 5F0777DF2B981DEE00FBA7E2 /* HomeViewModelContracts.swift */; };
		5F0777E22B981F3800FBA7E2 /* MovieModel.swift in Sources */ = {isa = PBXBuildFile; fileRef = 5F0777E12B981F3800FBA7E2 /* MovieModel.swift */; };
		5F0777E42B9942C500FBA7E2 /* HomeHeaderFooterView.swift in Sources */ = {isa = PBXBuildFile; fileRef = 5F0777E32B9942C500FBA7E2 /* HomeHeaderFooterView.swift */; };
		5F0777E62B99606E00FBA7E2 /* HomeViewBuilder.swift in Sources */ = {isa = PBXBuildFile; fileRef = 5F0777E52B99606E00FBA7E2 /* HomeViewBuilder.swift */; };
		5F0777E92B996D0500FBA7E2 /* SDWebImage in Frameworks */ = {isa = PBXBuildFile; productRef = 5F0777E82B996D0500FBA7E2 /* SDWebImage */; };
		5F0777ED2B9AE59300FBA7E2 /* MovieCollectionViewCell.swift in Sources */ = {isa = PBXBuildFile; fileRef = 5F0777EC2B9AE59300FBA7E2 /* MovieCollectionViewCell.swift */; };
		5F0777EF2B9AEDC800FBA7E2 /* HomeSectionTableView.swift in Sources */ = {isa = PBXBuildFile; fileRef = 5F0777EE2B9AEDC800FBA7E2 /* HomeSectionTableView.swift */; };
		5F0777FA2B9D857300FBA7E2 /* UpComingViewModel.swift in Sources */ = {isa = PBXBuildFile; fileRef = 5F0777F92B9D857300FBA7E2 /* UpComingViewModel.swift */; };
		5F0777FC2B9D857F00FBA7E2 /* UpComingViewModelContracts.swift in Sources */ = {isa = PBXBuildFile; fileRef = 5F0777FB2B9D857F00FBA7E2 /* UpComingViewModelContracts.swift */; };
		5F0777FE2B9D88BC00FBA7E2 /* UpComingViewBuilder.swift in Sources */ = {isa = PBXBuildFile; fileRef = 5F0777FD2B9D88BC00FBA7E2 /* UpComingViewBuilder.swift */; };
		5F0778012B9D922800FBA7E2 /* UpComingTableViewCell.swift in Sources */ = {isa = PBXBuildFile; fileRef = 5F0778002B9D922800FBA7E2 /* UpComingTableViewCell.swift */; };
		5F0778032BA013CE00FBA7E2 /* MovieCategoryModel.swift in Sources */ = {isa = PBXBuildFile; fileRef = 5F0778022BA013CE00FBA7E2 /* MovieCategoryModel.swift */; };
		5F0778052BA0188000FBA7E2 /* CategoryTableViewCell.swift in Sources */ = {isa = PBXBuildFile; fileRef = 5F0778042BA0188000FBA7E2 /* CategoryTableViewCell.swift */; };
		5F0778072BA28C7F00FBA7E2 /* SearchedCollectionViewCell.swift in Sources */ = {isa = PBXBuildFile; fileRef = 5F0778062BA28C7F00FBA7E2 /* SearchedCollectionViewCell.swift */; };
		5F07780A2BA291CE00FBA7E2 /* SearchedSectionHeaderCollectionReusableView.swift in Sources */ = {isa = PBXBuildFile; fileRef = 5F0778092BA291CE00FBA7E2 /* SearchedSectionHeaderCollectionReusableView.swift */; };
		5F0778102BA3FD3900FBA7E2 /* SearchResultsViewController.swift in Sources */ = {isa = PBXBuildFile; fileRef = 5F07780F2BA3FD3900FBA7E2 /* SearchResultsViewController.swift */; };
		5F0778132BA5D82E00FBA7E2 /* SearchViewModelContracts.swift in Sources */ = {isa = PBXBuildFile; fileRef = 5F0778122BA5D82E00FBA7E2 /* SearchViewModelContracts.swift */; };
		5F0778152BA5D98400FBA7E2 /* SearchViewModel.swift in Sources */ = {isa = PBXBuildFile; fileRef = 5F0778142BA5D98400FBA7E2 /* SearchViewModel.swift */; };
		5F0778172BA5DE8F00FBA7E2 /* SearchViewBuilder.swift in Sources */ = {isa = PBXBuildFile; fileRef = 5F0778162BA5DE8F00FBA7E2 /* SearchViewBuilder.swift */; };
		5F0778192BA5E1F000FBA7E2 /* CustomActivityIndicator.swift in Sources */ = {isa = PBXBuildFile; fileRef = 5F0778182BA5E1F000FBA7E2 /* CustomActivityIndicator.swift */; };
		5F07781E2BA6EC7200FBA7E2 /* DetailViewController.swift in Sources */ = {isa = PBXBuildFile; fileRef = 5F07781D2BA6EC7200FBA7E2 /* DetailViewController.swift */; };
		5F0778202BA6F37100FBA7E2 /* MovieDetailModel.swift in Sources */ = {isa = PBXBuildFile; fileRef = 5F07781F2BA6F37100FBA7E2 /* MovieDetailModel.swift */; };
		5F0778232BAB05CD00FBA7E2 /* CustomToolbar.swift in Sources */ = {isa = PBXBuildFile; fileRef = 5F0778222BAB05CD00FBA7E2 /* CustomToolbar.swift */; };
		5F0778272BAB13DE00FBA7E2 /* DetailViewModel.swift in Sources */ = {isa = PBXBuildFile; fileRef = 5F0778262BAB13DE00FBA7E2 /* DetailViewModel.swift */; };
		5F0778292BAB13F300FBA7E2 /* DetailViewModelContracts.swift in Sources */ = {isa = PBXBuildFile; fileRef = 5F0778282BAB13F300FBA7E2 /* DetailViewModelContracts.swift */; };
		5F07782B2BAB170600FBA7E2 /* DetailViewBuilder.swift in Sources */ = {isa = PBXBuildFile; fileRef = 5F07782A2BAB170600FBA7E2 /* DetailViewBuilder.swift */; };
		5F07782D2BAC320B00FBA7E2 /* ViewController+Extension.swift in Sources */ = {isa = PBXBuildFile; fileRef = 5F07782C2BAC320B00FBA7E2 /* ViewController+Extension.swift */; };
		5F0778302BAD81ED00FBA7E2 /* Realm in Frameworks */ = {isa = PBXBuildFile; productRef = 5F07782F2BAD81ED00FBA7E2 /* Realm */; };
		5F0778322BAD81ED00FBA7E2 /* RealmSwift in Frameworks */ = {isa = PBXBuildFile; productRef = 5F0778312BAD81ED00FBA7E2 /* RealmSwift */; };
		5F0778352BAD85C700FBA7E2 /* RealmMovieObject.swift in Sources */ = {isa = PBXBuildFile; fileRef = 5F0778342BAD85C700FBA7E2 /* RealmMovieObject.swift */; };
		5F0778372BAD898200FBA7E2 /* RealmService.swift in Sources */ = {isa = PBXBuildFile; fileRef = 5F0778362BAD898200FBA7E2 /* RealmService.swift */; };
		5F4B7D362B8C0A340004354D /* AppSearchButton.swift in Sources */ = {isa = PBXBuildFile; fileRef = 5F4B7D352B8C0A340004354D /* AppSearchButton.swift */; };
		5F4B7D3B2B8C15410004354D /* MovieCollectionViewTableViewCell.swift in Sources */ = {isa = PBXBuildFile; fileRef = 5F4B7D3A2B8C15410004354D /* MovieCollectionViewTableViewCell.swift */; };
		5FB688B72B79BA1400BBD98D /* AppDelegate.swift in Sources */ = {isa = PBXBuildFile; fileRef = 5FB688B62B79BA1400BBD98D /* AppDelegate.swift */; };
		5FB688B92B79BA1400BBD98D /* SceneDelegate.swift in Sources */ = {isa = PBXBuildFile; fileRef = 5FB688B82B79BA1400BBD98D /* SceneDelegate.swift */; };
		5FB688C02B79BA1500BBD98D /* Assets.xcassets in Resources */ = {isa = PBXBuildFile; fileRef = 5FB688BF2B79BA1500BBD98D /* Assets.xcassets */; };
		5FB688C32B79BA1500BBD98D /* LaunchScreen.storyboard in Resources */ = {isa = PBXBuildFile; fileRef = 5FB688C12B79BA1500BBD98D /* LaunchScreen.storyboard */; };
		5FB688CE2B79BA1600BBD98D /* NetflixClone_MVVMTests.swift in Sources */ = {isa = PBXBuildFile; fileRef = 5FB688CD2B79BA1600BBD98D /* NetflixClone_MVVMTests.swift */; };
		5FB688D82B79BA1600BBD98D /* NetflixClone_MVVMUITests.swift in Sources */ = {isa = PBXBuildFile; fileRef = 5FB688D72B79BA1600BBD98D /* NetflixClone_MVVMUITests.swift */; };
		5FB688DA2B79BA1600BBD98D /* NetflixClone_MVVMUITestsLaunchTests.swift in Sources */ = {isa = PBXBuildFile; fileRef = 5FB688D92B79BA1600BBD98D /* NetflixClone_MVVMUITestsLaunchTests.swift */; };
		5FB688F42B79BB4500BBD98D /* HomeViewController.swift in Sources */ = {isa = PBXBuildFile; fileRef = 5FB688F32B79BB4500BBD98D /* HomeViewController.swift */; };
		5FB688F72B79BB6700BBD98D /* HomeViewModel.swift in Sources */ = {isa = PBXBuildFile; fileRef = 5FB688F62B79BB6700BBD98D /* HomeViewModel.swift */; };
		5FB688FA2B79BB8200BBD98D /* UpComingViewController.swift in Sources */ = {isa = PBXBuildFile; fileRef = 5FB688F92B79BB8200BBD98D /* UpComingViewController.swift */; };
		5FB688FD2B79BBA100BBD98D /* SearchViewController.swift in Sources */ = {isa = PBXBuildFile; fileRef = 5FB688FC2B79BBA100BBD98D /* SearchViewController.swift */; };
		5FB689002B79BBC000BBD98D /* DownloadViewController.swift in Sources */ = {isa = PBXBuildFile; fileRef = 5FB688FF2B79BBC000BBD98D /* DownloadViewController.swift */; };
		5FB689022B79BC5E00BBD98D /* MainTabbarController.swift in Sources */ = {isa = PBXBuildFile; fileRef = 5FB689012B79BC5E00BBD98D /* MainTabbarController.swift */; };
		5FB689062B79C61400BBD98D /* DiscoverViewController.swift in Sources */ = {isa = PBXBuildFile; fileRef = 5FB689052B79C61400BBD98D /* DiscoverViewController.swift */; };
		5FB689092B79C6DE00BBD98D /* AppIcon.swift in Sources */ = {isa = PBXBuildFile; fileRef = 5FB689082B79C6DE00BBD98D /* AppIcon.swift */; };
		5FB6890C2B79CEA200BBD98D /* SnapKit in Frameworks */ = {isa = PBXBuildFile; productRef = 5FB6890B2B79CEA200BBD98D /* SnapKit */; };
/* End PBXBuildFile section */

/* Begin PBXContainerItemProxy section */
		5FB688CA2B79BA1600BBD98D /* PBXContainerItemProxy */ = {
			isa = PBXContainerItemProxy;
			containerPortal = 5FB688AB2B79BA1400BBD98D /* Project object */;
			proxyType = 1;
			remoteGlobalIDString = 5FB688B22B79BA1400BBD98D;
			remoteInfo = "NetflixClone-MVVM";
		};
		5FB688D42B79BA1600BBD98D /* PBXContainerItemProxy */ = {
			isa = PBXContainerItemProxy;
			containerPortal = 5FB688AB2B79BA1400BBD98D /* Project object */;
			proxyType = 1;
			remoteGlobalIDString = 5FB688B22B79BA1400BBD98D;
			remoteInfo = "NetflixClone-MVVM";
		};
/* End PBXContainerItemProxy section */

/* Begin PBXFileReference section */
		5F0777D12B956EA900FBA7E2 /* AppTheme.swift */ = {isa = PBXFileReference; lastKnownFileType = sourcecode.swift; path = AppTheme.swift; sourceTree = "<group>"; };
		5F0777D52B95772D00FBA7E2 /* Screen+Extension.swift */ = {isa = PBXFileReference; lastKnownFileType = sourcecode.swift; path = "Screen+Extension.swift"; sourceTree = "<group>"; };
		5F0777D92B964E0700FBA7E2 /* HomeHeaderCollectionViewCell.swift */ = {isa = PBXFileReference; lastKnownFileType = sourcecode.swift; path = HomeHeaderCollectionViewCell.swift; sourceTree = "<group>"; };
		5F0777DB2B98146300FBA7E2 /* NetworkConstants.swift */ = {isa = PBXFileReference; lastKnownFileType = sourcecode.swift; path = NetworkConstants.swift; sourceTree = "<group>"; };
		5F0777DD2B98187A00FBA7E2 /* NetworkCaller.swift */ = {isa = PBXFileReference; lastKnownFileType = sourcecode.swift; path = NetworkCaller.swift; sourceTree = "<group>"; };
		5F0777DF2B981DEE00FBA7E2 /* HomeViewModelContracts.swift */ = {isa = PBXFileReference; lastKnownFileType = sourcecode.swift; path = HomeViewModelContracts.swift; sourceTree = "<group>"; };
		5F0777E12B981F3800FBA7E2 /* MovieModel.swift */ = {isa = PBXFileReference; lastKnownFileType = sourcecode.swift; path = MovieModel.swift; sourceTree = "<group>"; };
		5F0777E32B9942C500FBA7E2 /* HomeHeaderFooterView.swift */ = {isa = PBXFileReference; lastKnownFileType = sourcecode.swift; path = HomeHeaderFooterView.swift; sourceTree = "<group>"; };
		5F0777E52B99606E00FBA7E2 /* HomeViewBuilder.swift */ = {isa = PBXFileReference; lastKnownFileType = sourcecode.swift; path = HomeViewBuilder.swift; sourceTree = "<group>"; };
		5F0777EC2B9AE59300FBA7E2 /* MovieCollectionViewCell.swift */ = {isa = PBXFileReference; lastKnownFileType = sourcecode.swift; path = MovieCollectionViewCell.swift; sourceTree = "<group>"; };
		5F0777EE2B9AEDC800FBA7E2 /* HomeSectionTableView.swift */ = {isa = PBXFileReference; lastKnownFileType = sourcecode.swift; path = HomeSectionTableView.swift; sourceTree = "<group>"; };
		5F0777F92B9D857300FBA7E2 /* UpComingViewModel.swift */ = {isa = PBXFileReference; lastKnownFileType = sourcecode.swift; path = UpComingViewModel.swift; sourceTree = "<group>"; };
		5F0777FB2B9D857F00FBA7E2 /* UpComingViewModelContracts.swift */ = {isa = PBXFileReference; lastKnownFileType = sourcecode.swift; path = UpComingViewModelContracts.swift; sourceTree = "<group>"; };
		5F0777FD2B9D88BC00FBA7E2 /* UpComingViewBuilder.swift */ = {isa = PBXFileReference; lastKnownFileType = sourcecode.swift; path = UpComingViewBuilder.swift; sourceTree = "<group>"; };
		5F0778002B9D922800FBA7E2 /* UpComingTableViewCell.swift */ = {isa = PBXFileReference; lastKnownFileType = sourcecode.swift; path = UpComingTableViewCell.swift; sourceTree = "<group>"; };
		5F0778022BA013CE00FBA7E2 /* MovieCategoryModel.swift */ = {isa = PBXFileReference; lastKnownFileType = sourcecode.swift; path = MovieCategoryModel.swift; sourceTree = "<group>"; };
		5F0778042BA0188000FBA7E2 /* CategoryTableViewCell.swift */ = {isa = PBXFileReference; lastKnownFileType = sourcecode.swift; path = CategoryTableViewCell.swift; sourceTree = "<group>"; };
		5F0778062BA28C7F00FBA7E2 /* SearchedCollectionViewCell.swift */ = {isa = PBXFileReference; lastKnownFileType = sourcecode.swift; path = SearchedCollectionViewCell.swift; sourceTree = "<group>"; };
		5F0778092BA291CE00FBA7E2 /* SearchedSectionHeaderCollectionReusableView.swift */ = {isa = PBXFileReference; lastKnownFileType = sourcecode.swift; path = SearchedSectionHeaderCollectionReusableView.swift; sourceTree = "<group>"; };
		5F07780F2BA3FD3900FBA7E2 /* SearchResultsViewController.swift */ = {isa = PBXFileReference; lastKnownFileType = sourcecode.swift; path = SearchResultsViewController.swift; sourceTree = "<group>"; };
		5F0778122BA5D82E00FBA7E2 /* SearchViewModelContracts.swift */ = {isa = PBXFileReference; lastKnownFileType = sourcecode.swift; path = SearchViewModelContracts.swift; sourceTree = "<group>"; };
		5F0778142BA5D98400FBA7E2 /* SearchViewModel.swift */ = {isa = PBXFileReference; lastKnownFileType = sourcecode.swift; path = SearchViewModel.swift; sourceTree = "<group>"; };
		5F0778162BA5DE8F00FBA7E2 /* SearchViewBuilder.swift */ = {isa = PBXFileReference; lastKnownFileType = sourcecode.swift; path = SearchViewBuilder.swift; sourceTree = "<group>"; };
		5F0778182BA5E1F000FBA7E2 /* CustomActivityIndicator.swift */ = {isa = PBXFileReference; lastKnownFileType = sourcecode.swift; path = CustomActivityIndicator.swift; sourceTree = "<group>"; };
		5F07781D2BA6EC7200FBA7E2 /* DetailViewController.swift */ = {isa = PBXFileReference; lastKnownFileType = sourcecode.swift; path = DetailViewController.swift; sourceTree = "<group>"; };
		5F07781F2BA6F37100FBA7E2 /* MovieDetailModel.swift */ = {isa = PBXFileReference; lastKnownFileType = sourcecode.swift; path = MovieDetailModel.swift; sourceTree = "<group>"; };
		5F0778222BAB05CD00FBA7E2 /* CustomToolbar.swift */ = {isa = PBXFileReference; lastKnownFileType = sourcecode.swift; path = CustomToolbar.swift; sourceTree = "<group>"; };
		5F0778262BAB13DE00FBA7E2 /* DetailViewModel.swift */ = {isa = PBXFileReference; lastKnownFileType = sourcecode.swift; path = DetailViewModel.swift; sourceTree = "<group>"; };
		5F0778282BAB13F300FBA7E2 /* DetailViewModelContracts.swift */ = {isa = PBXFileReference; lastKnownFileType = sourcecode.swift; path = DetailViewModelContracts.swift; sourceTree = "<group>"; };
		5F07782A2BAB170600FBA7E2 /* DetailViewBuilder.swift */ = {isa = PBXFileReference; lastKnownFileType = sourcecode.swift; path = DetailViewBuilder.swift; sourceTree = "<group>"; };
		5F07782C2BAC320B00FBA7E2 /* ViewController+Extension.swift */ = {isa = PBXFileReference; lastKnownFileType = sourcecode.swift; path = "ViewController+Extension.swift"; sourceTree = "<group>"; };
		5F0778342BAD85C700FBA7E2 /* RealmMovieObject.swift */ = {isa = PBXFileReference; lastKnownFileType = sourcecode.swift; path = RealmMovieObject.swift; sourceTree = "<group>"; };
		5F0778362BAD898200FBA7E2 /* RealmService.swift */ = {isa = PBXFileReference; lastKnownFileType = sourcecode.swift; path = RealmService.swift; sourceTree = "<group>"; };
		5F4B7D352B8C0A340004354D /* AppSearchButton.swift */ = {isa = PBXFileReference; lastKnownFileType = sourcecode.swift; path = AppSearchButton.swift; sourceTree = "<group>"; };
		5F4B7D3A2B8C15410004354D /* MovieCollectionViewTableViewCell.swift */ = {isa = PBXFileReference; lastKnownFileType = sourcecode.swift; path = MovieCollectionViewTableViewCell.swift; sourceTree = "<group>"; };
		5FB688B32B79BA1400BBD98D /* NetflixClone-MVVM.app */ = {isa = PBXFileReference; explicitFileType = wrapper.application; includeInIndex = 0; path = "NetflixClone-MVVM.app"; sourceTree = BUILT_PRODUCTS_DIR; };
		5FB688B62B79BA1400BBD98D /* AppDelegate.swift */ = {isa = PBXFileReference; lastKnownFileType = sourcecode.swift; path = AppDelegate.swift; sourceTree = "<group>"; };
		5FB688B82B79BA1400BBD98D /* SceneDelegate.swift */ = {isa = PBXFileReference; lastKnownFileType = sourcecode.swift; path = SceneDelegate.swift; sourceTree = "<group>"; };
		5FB688BF2B79BA1500BBD98D /* Assets.xcassets */ = {isa = PBXFileReference; lastKnownFileType = folder.assetcatalog; path = Assets.xcassets; sourceTree = "<group>"; };
		5FB688C22B79BA1500BBD98D /* Base */ = {isa = PBXFileReference; lastKnownFileType = file.storyboard; name = Base; path = Base.lproj/LaunchScreen.storyboard; sourceTree = "<group>"; };
		5FB688C42B79BA1500BBD98D /* Info.plist */ = {isa = PBXFileReference; lastKnownFileType = text.plist.xml; path = Info.plist; sourceTree = "<group>"; };
		5FB688C92B79BA1600BBD98D /* NetflixClone-MVVMTests.xctest */ = {isa = PBXFileReference; explicitFileType = wrapper.cfbundle; includeInIndex = 0; path = "NetflixClone-MVVMTests.xctest"; sourceTree = BUILT_PRODUCTS_DIR; };
		5FB688CD2B79BA1600BBD98D /* NetflixClone_MVVMTests.swift */ = {isa = PBXFileReference; lastKnownFileType = sourcecode.swift; path = NetflixClone_MVVMTests.swift; sourceTree = "<group>"; };
		5FB688D32B79BA1600BBD98D /* NetflixClone-MVVMUITests.xctest */ = {isa = PBXFileReference; explicitFileType = wrapper.cfbundle; includeInIndex = 0; path = "NetflixClone-MVVMUITests.xctest"; sourceTree = BUILT_PRODUCTS_DIR; };
		5FB688D72B79BA1600BBD98D /* NetflixClone_MVVMUITests.swift */ = {isa = PBXFileReference; lastKnownFileType = sourcecode.swift; path = NetflixClone_MVVMUITests.swift; sourceTree = "<group>"; };
		5FB688D92B79BA1600BBD98D /* NetflixClone_MVVMUITestsLaunchTests.swift */ = {isa = PBXFileReference; lastKnownFileType = sourcecode.swift; path = NetflixClone_MVVMUITestsLaunchTests.swift; sourceTree = "<group>"; };
		5FB688F32B79BB4500BBD98D /* HomeViewController.swift */ = {isa = PBXFileReference; lastKnownFileType = sourcecode.swift; path = HomeViewController.swift; sourceTree = "<group>"; };
		5FB688F62B79BB6700BBD98D /* HomeViewModel.swift */ = {isa = PBXFileReference; lastKnownFileType = sourcecode.swift; path = HomeViewModel.swift; sourceTree = "<group>"; };
		5FB688F92B79BB8200BBD98D /* UpComingViewController.swift */ = {isa = PBXFileReference; lastKnownFileType = sourcecode.swift; path = UpComingViewController.swift; sourceTree = "<group>"; };
		5FB688FC2B79BBA100BBD98D /* SearchViewController.swift */ = {isa = PBXFileReference; lastKnownFileType = sourcecode.swift; path = SearchViewController.swift; sourceTree = "<group>"; };
		5FB688FF2B79BBC000BBD98D /* DownloadViewController.swift */ = {isa = PBXFileReference; lastKnownFileType = sourcecode.swift; path = DownloadViewController.swift; sourceTree = "<group>"; };
		5FB689012B79BC5E00BBD98D /* MainTabbarController.swift */ = {isa = PBXFileReference; lastKnownFileType = sourcecode.swift; path = MainTabbarController.swift; sourceTree = "<group>"; };
		5FB689052B79C61400BBD98D /* DiscoverViewController.swift */ = {isa = PBXFileReference; lastKnownFileType = sourcecode.swift; path = DiscoverViewController.swift; sourceTree = "<group>"; };
		5FB689082B79C6DE00BBD98D /* AppIcon.swift */ = {isa = PBXFileReference; lastKnownFileType = sourcecode.swift; path = AppIcon.swift; sourceTree = "<group>"; };
/* End PBXFileReference section */

/* Begin PBXFrameworksBuildPhase section */
		5FB688B02B79BA1400BBD98D /* Frameworks */ = {
			isa = PBXFrameworksBuildPhase;
			buildActionMask = 2147483647;
			files = (
				5F0778322BAD81ED00FBA7E2 /* RealmSwift in Frameworks */,
				5F0778302BAD81ED00FBA7E2 /* Realm in Frameworks */,
				5F0777E92B996D0500FBA7E2 /* SDWebImage in Frameworks */,
				5FB6890C2B79CEA200BBD98D /* SnapKit in Frameworks */,
			);
			runOnlyForDeploymentPostprocessing = 0;
		};
		5FB688C62B79BA1600BBD98D /* Frameworks */ = {
			isa = PBXFrameworksBuildPhase;
			buildActionMask = 2147483647;
			files = (
			);
			runOnlyForDeploymentPostprocessing = 0;
		};
		5FB688D02B79BA1600BBD98D /* Frameworks */ = {
			isa = PBXFrameworksBuildPhase;
			buildActionMask = 2147483647;
			files = (
			);
			runOnlyForDeploymentPostprocessing = 0;
		};
/* End PBXFrameworksBuildPhase section */

/* Begin PBXGroup section */
		5F0777F82B9D855600FBA7E2 /* ViewModel */ = {
			isa = PBXGroup;
			children = (
				5F0777F92B9D857300FBA7E2 /* UpComingViewModel.swift */,
				5F0777FB2B9D857F00FBA7E2 /* UpComingViewModelContracts.swift */,
			);
			path = ViewModel;
			sourceTree = "<group>";
		};
		5F0777FF2B9D920600FBA7E2 /* Cell */ = {
			isa = PBXGroup;
			children = (
				5F0778002B9D922800FBA7E2 /* UpComingTableViewCell.swift */,
			);
			path = Cell;
			sourceTree = "<group>";
		};
		5F0778082BA2918100FBA7E2 /* Cell */ = {
			isa = PBXGroup;
			children = (
				5F0778062BA28C7F00FBA7E2 /* SearchedCollectionViewCell.swift */,
				5F0778092BA291CE00FBA7E2 /* SearchedSectionHeaderCollectionReusableView.swift */,
			);
			path = Cell;
			sourceTree = "<group>";
		};
		5F0778112BA5D81900FBA7E2 /* ViewModel */ = {
			isa = PBXGroup;
			children = (
				5F0778122BA5D82E00FBA7E2 /* SearchViewModelContracts.swift */,
				5F0778142BA5D98400FBA7E2 /* SearchViewModel.swift */,
			);
			path = ViewModel;
			sourceTree = "<group>";
		};
		5F07781A2BA6EC3300FBA7E2 /* DetailVC */ = {
			isa = PBXGroup;
			children = (
				5F07781C2BA6EC4400FBA7E2 /* ViewModel */,
				5F07781B2BA6EC3C00FBA7E2 /* View */,
			);
			path = DetailVC;
			sourceTree = "<group>";
		};
		5F07781B2BA6EC3C00FBA7E2 /* View */ = {
			isa = PBXGroup;
			children = (
				5F0778212BAB05B500FBA7E2 /* CustomView */,
				5F07781D2BA6EC7200FBA7E2 /* DetailViewController.swift */,
				5F07782A2BAB170600FBA7E2 /* DetailViewBuilder.swift */,
			);
			path = View;
			sourceTree = "<group>";
		};
		5F07781C2BA6EC4400FBA7E2 /* ViewModel */ = {
			isa = PBXGroup;
			children = (
				5F0778262BAB13DE00FBA7E2 /* DetailViewModel.swift */,
				5F0778282BAB13F300FBA7E2 /* DetailViewModelContracts.swift */,
			);
			path = ViewModel;
			sourceTree = "<group>";
		};
		5F0778212BAB05B500FBA7E2 /* CustomView */ = {
			isa = PBXGroup;
			children = (
				5F0778222BAB05CD00FBA7E2 /* CustomToolbar.swift */,
			);
			path = CustomView;
			sourceTree = "<group>";
		};
		5F0778332BAD85A600FBA7E2 /* Storage */ = {
			isa = PBXGroup;
			children = (
				5F0778342BAD85C700FBA7E2 /* RealmMovieObject.swift */,
			);
			path = Storage;
			sourceTree = "<group>";
		};
		5F4B7D342B8C0A190004354D /* Views */ = {
			isa = PBXGroup;
			children = (
				5F4B7D352B8C0A340004354D /* AppSearchButton.swift */,
				5F0778182BA5E1F000FBA7E2 /* CustomActivityIndicator.swift */,
			);
			path = Views;
			sourceTree = "<group>";
		};
		5F4B7D392B8C150A0004354D /* Cell */ = {
			isa = PBXGroup;
			children = (
				5F4B7D3A2B8C15410004354D /* MovieCollectionViewTableViewCell.swift */,
				5F0777D92B964E0700FBA7E2 /* HomeHeaderCollectionViewCell.swift */,
				5F0777E32B9942C500FBA7E2 /* HomeHeaderFooterView.swift */,
				5F0777EC2B9AE59300FBA7E2 /* MovieCollectionViewCell.swift */,
				5F0777EE2B9AEDC800FBA7E2 /* HomeSectionTableView.swift */,
			);
			path = Cell;
			sourceTree = "<group>";
		};
		5FB688AA2B79BA1400BBD98D = {
			isa = PBXGroup;
			children = (
				5FB688B52B79BA1400BBD98D /* NetflixClone-MVVM */,
				5FB688CC2B79BA1600BBD98D /* NetflixClone-MVVMTests */,
				5FB688D62B79BA1600BBD98D /* NetflixClone-MVVMUITests */,
				5FB688B42B79BA1400BBD98D /* Products */,
			);
			sourceTree = "<group>";
		};
		5FB688B42B79BA1400BBD98D /* Products */ = {
			isa = PBXGroup;
			children = (
				5FB688B32B79BA1400BBD98D /* NetflixClone-MVVM.app */,
				5FB688C92B79BA1600BBD98D /* NetflixClone-MVVMTests.xctest */,
				5FB688D32B79BA1600BBD98D /* NetflixClone-MVVMUITests.xctest */,
			);
			name = Products;
			sourceTree = "<group>";
		};
		5FB688B52B79BA1400BBD98D /* NetflixClone-MVVM */ = {
			isa = PBXGroup;
			children = (
				5FB688E82B79BAA300BBD98D /* Manager */,
				5FB688E92B79BAB800BBD98D /* Service */,
				5FB688EA2B79BABF00BBD98D /* Model */,
				5FB688ED2B79BAE400BBD98D /* Scene */,
				5FB689012B79BC5E00BBD98D /* MainTabbarController.swift */,
				5F4B7D342B8C0A190004354D /* Views */,
				5FB688EB2B79BAC900BBD98D /* Utils */,
				5FB688E72B79BA9600BBD98D /* Resorces */,
				5FB688E62B79BA7F00BBD98D /* Support */,
			);
			path = "NetflixClone-MVVM";
			sourceTree = "<group>";
		};
		5FB688CC2B79BA1600BBD98D /* NetflixClone-MVVMTests */ = {
			isa = PBXGroup;
			children = (
				5FB688CD2B79BA1600BBD98D /* NetflixClone_MVVMTests.swift */,
			);
			path = "NetflixClone-MVVMTests";
			sourceTree = "<group>";
		};
		5FB688D62B79BA1600BBD98D /* NetflixClone-MVVMUITests */ = {
			isa = PBXGroup;
			children = (
				5FB688D72B79BA1600BBD98D /* NetflixClone_MVVMUITests.swift */,
				5FB688D92B79BA1600BBD98D /* NetflixClone_MVVMUITestsLaunchTests.swift */,
			);
			path = "NetflixClone-MVVMUITests";
			sourceTree = "<group>";
		};
		5FB688E62B79BA7F00BBD98D /* Support */ = {
			isa = PBXGroup;
			children = (
				5FB688B62B79BA1400BBD98D /* AppDelegate.swift */,
				5FB688B82B79BA1400BBD98D /* SceneDelegate.swift */,
				5FB688C12B79BA1500BBD98D /* LaunchScreen.storyboard */,
				5FB688C42B79BA1500BBD98D /* Info.plist */,
			);
			path = Support;
			sourceTree = "<group>";
		};
		5FB688E72B79BA9600BBD98D /* Resorces */ = {
			isa = PBXGroup;
			children = (
				5FB688BF2B79BA1500BBD98D /* Assets.xcassets */,
			);
			path = Resorces;
			sourceTree = "<group>";
		};
		5FB688E82B79BAA300BBD98D /* Manager */ = {
			isa = PBXGroup;
			children = (
			);
			path = Manager;
			sourceTree = "<group>";
		};
		5FB688E92B79BAB800BBD98D /* Service */ = {
			isa = PBXGroup;
			children = (
				5F0777DB2B98146300FBA7E2 /* NetworkConstants.swift */,
				5F0777DD2B98187A00FBA7E2 /* NetworkCaller.swift */,
				5F0778362BAD898200FBA7E2 /* RealmService.swift */,
			);
			path = Service;
			sourceTree = "<group>";
		};
		5FB688EA2B79BABF00BBD98D /* Model */ = {
			isa = PBXGroup;
			children = (
				5F0778332BAD85A600FBA7E2 /* Storage */,
				5F0777E12B981F3800FBA7E2 /* MovieModel.swift */,
				5F0778022BA013CE00FBA7E2 /* MovieCategoryModel.swift */,
				5F07781F2BA6F37100FBA7E2 /* MovieDetailModel.swift */,
			);
			path = Model;
			sourceTree = "<group>";
		};
		5FB688EB2B79BAC900BBD98D /* Utils */ = {
			isa = PBXGroup;
			children = (
				5FB689072B79C68300BBD98D /* Theme */,
				5FB688EC2B79BACF00BBD98D /* Extension */,
			);
			path = Utils;
			sourceTree = "<group>";
		};
		5FB688EC2B79BACF00BBD98D /* Extension */ = {
			isa = PBXGroup;
			children = (
				5F0777D52B95772D00FBA7E2 /* Screen+Extension.swift */,
				5F07782C2BAC320B00FBA7E2 /* ViewController+Extension.swift */,
			);
			path = Extension;
			sourceTree = "<group>";
		};
		5FB688ED2B79BAE400BBD98D /* Scene */ = {
			isa = PBXGroup;
			children = (
				5F07781A2BA6EC3300FBA7E2 /* DetailVC */,
				5FB688EE2B79BAEA00BBD98D /* HomeVC */,
				5FB688F12B79BB0800BBD98D /* DownloadVC */,
				5FB688F02B79BAFF00BBD98D /* SearchVC */,
				5FB688EF2B79BAF200BBD98D /* UpComingVC */,
				5FB689032B79C5DA00BBD98D /* DiscoverVC */,
			);
			path = Scene;
			sourceTree = "<group>";
		};
		5FB688EE2B79BAEA00BBD98D /* HomeVC */ = {
			isa = PBXGroup;
			children = (
				5FB688F52B79BB5500BBD98D /* ViewModel */,
				5FB688F22B79BB3500BBD98D /* View */,
			);
			path = HomeVC;
			sourceTree = "<group>";
		};
		5FB688EF2B79BAF200BBD98D /* UpComingVC */ = {
			isa = PBXGroup;
			children = (
				5F0777F82B9D855600FBA7E2 /* ViewModel */,
				5FB688F82B79BB7300BBD98D /* View */,
			);
			path = UpComingVC;
			sourceTree = "<group>";
		};
		5FB688F02B79BAFF00BBD98D /* SearchVC */ = {
			isa = PBXGroup;
			children = (
				5F0778112BA5D81900FBA7E2 /* ViewModel */,
				5FB688FB2B79BB9200BBD98D /* View */,
			);
			path = SearchVC;
			sourceTree = "<group>";
		};
		5FB688F12B79BB0800BBD98D /* DownloadVC */ = {
			isa = PBXGroup;
			children = (
				5FB688FE2B79BBAC00BBD98D /* View */,
			);
			path = DownloadVC;
			sourceTree = "<group>";
		};
		5FB688F22B79BB3500BBD98D /* View */ = {
			isa = PBXGroup;
			children = (
				5F4B7D392B8C150A0004354D /* Cell */,
				5FB688F32B79BB4500BBD98D /* HomeViewController.swift */,
				5F0777E52B99606E00FBA7E2 /* HomeViewBuilder.swift */,
			);
			path = View;
			sourceTree = "<group>";
		};
		5FB688F52B79BB5500BBD98D /* ViewModel */ = {
			isa = PBXGroup;
			children = (
				5FB688F62B79BB6700BBD98D /* HomeViewModel.swift */,
				5F0777DF2B981DEE00FBA7E2 /* HomeViewModelContracts.swift */,
			);
			path = ViewModel;
			sourceTree = "<group>";
		};
		5FB688F82B79BB7300BBD98D /* View */ = {
			isa = PBXGroup;
			children = (
				5F0777FF2B9D920600FBA7E2 /* Cell */,
				5FB688F92B79BB8200BBD98D /* UpComingViewController.swift */,
				5F0777FD2B9D88BC00FBA7E2 /* UpComingViewBuilder.swift */,
			);
			path = View;
			sourceTree = "<group>";
		};
		5FB688FB2B79BB9200BBD98D /* View */ = {
			isa = PBXGroup;
			children = (
				5F0778082BA2918100FBA7E2 /* Cell */,
				5FB688FC2B79BBA100BBD98D /* SearchViewController.swift */,
				5F07780F2BA3FD3900FBA7E2 /* SearchResultsViewController.swift */,
				5F0778162BA5DE8F00FBA7E2 /* SearchViewBuilder.swift */,
			);
			path = View;
			sourceTree = "<group>";
		};
		5FB688FE2B79BBAC00BBD98D /* View */ = {
			isa = PBXGroup;
			children = (
				5FB688FF2B79BBC000BBD98D /* DownloadViewController.swift */,
			);
			path = View;
			sourceTree = "<group>";
		};
		5FB689032B79C5DA00BBD98D /* DiscoverVC */ = {
			isa = PBXGroup;
			children = (
				5FB689042B79C5FC00BBD98D /* View */,
			);
			path = DiscoverVC;
			sourceTree = "<group>";
		};
		5FB689042B79C5FC00BBD98D /* View */ = {
			isa = PBXGroup;
			children = (
				5FB689052B79C61400BBD98D /* DiscoverViewController.swift */,
				5F0778042BA0188000FBA7E2 /* CategoryTableViewCell.swift */,
			);
			path = View;
			sourceTree = "<group>";
		};
		5FB689072B79C68300BBD98D /* Theme */ = {
			isa = PBXGroup;
			children = (
				5FB689082B79C6DE00BBD98D /* AppIcon.swift */,
				5F0777D12B956EA900FBA7E2 /* AppTheme.swift */,
			);
			path = Theme;
			sourceTree = "<group>";
		};
/* End PBXGroup section */

/* Begin PBXNativeTarget section */
		5FB688B22B79BA1400BBD98D /* NetflixClone-MVVM */ = {
			isa = PBXNativeTarget;
			buildConfigurationList = 5FB688DD2B79BA1600BBD98D /* Build configuration list for PBXNativeTarget "NetflixClone-MVVM" */;
			buildPhases = (
				5FB688AF2B79BA1400BBD98D /* Sources */,
				5FB688B02B79BA1400BBD98D /* Frameworks */,
				5FB688B12B79BA1400BBD98D /* Resources */,
			);
			buildRules = (
			);
			dependencies = (
			);
			name = "NetflixClone-MVVM";
			packageProductDependencies = (
				5FB6890B2B79CEA200BBD98D /* SnapKit */,
				5F0777E82B996D0500FBA7E2 /* SDWebImage */,
				5F07782F2BAD81ED00FBA7E2 /* Realm */,
				5F0778312BAD81ED00FBA7E2 /* RealmSwift */,
			);
			productName = "NetflixClone-MVVM";
			productReference = 5FB688B32B79BA1400BBD98D /* NetflixClone-MVVM.app */;
			productType = "com.apple.product-type.application";
		};
		5FB688C82B79BA1600BBD98D /* NetflixClone-MVVMTests */ = {
			isa = PBXNativeTarget;
			buildConfigurationList = 5FB688E02B79BA1600BBD98D /* Build configuration list for PBXNativeTarget "NetflixClone-MVVMTests" */;
			buildPhases = (
				5FB688C52B79BA1600BBD98D /* Sources */,
				5FB688C62B79BA1600BBD98D /* Frameworks */,
				5FB688C72B79BA1600BBD98D /* Resources */,
			);
			buildRules = (
			);
			dependencies = (
				5FB688CB2B79BA1600BBD98D /* PBXTargetDependency */,
			);
			name = "NetflixClone-MVVMTests";
			productName = "NetflixClone-MVVMTests";
			productReference = 5FB688C92B79BA1600BBD98D /* NetflixClone-MVVMTests.xctest */;
			productType = "com.apple.product-type.bundle.unit-test";
		};
		5FB688D22B79BA1600BBD98D /* NetflixClone-MVVMUITests */ = {
			isa = PBXNativeTarget;
			buildConfigurationList = 5FB688E32B79BA1600BBD98D /* Build configuration list for PBXNativeTarget "NetflixClone-MVVMUITests" */;
			buildPhases = (
				5FB688CF2B79BA1600BBD98D /* Sources */,
				5FB688D02B79BA1600BBD98D /* Frameworks */,
				5FB688D12B79BA1600BBD98D /* Resources */,
			);
			buildRules = (
			);
			dependencies = (
				5FB688D52B79BA1600BBD98D /* PBXTargetDependency */,
			);
			name = "NetflixClone-MVVMUITests";
			productName = "NetflixClone-MVVMUITests";
			productReference = 5FB688D32B79BA1600BBD98D /* NetflixClone-MVVMUITests.xctest */;
			productType = "com.apple.product-type.bundle.ui-testing";
		};
/* End PBXNativeTarget section */

/* Begin PBXProject section */
		5FB688AB2B79BA1400BBD98D /* Project object */ = {
			isa = PBXProject;
			attributes = {
				BuildIndependentTargetsInParallel = 1;
				LastSwiftUpdateCheck = 1520;
				LastUpgradeCheck = 1520;
				TargetAttributes = {
					5FB688B22B79BA1400BBD98D = {
						CreatedOnToolsVersion = 15.2;
					};
					5FB688C82B79BA1600BBD98D = {
						CreatedOnToolsVersion = 15.2;
						TestTargetID = 5FB688B22B79BA1400BBD98D;
					};
					5FB688D22B79BA1600BBD98D = {
						CreatedOnToolsVersion = 15.2;
						TestTargetID = 5FB688B22B79BA1400BBD98D;
					};
				};
			};
			buildConfigurationList = 5FB688AE2B79BA1400BBD98D /* Build configuration list for PBXProject "NetflixClone-MVVM" */;
			compatibilityVersion = "Xcode 14.0";
			developmentRegion = en;
			hasScannedForEncodings = 0;
			knownRegions = (
				en,
				Base,
			);
			mainGroup = 5FB688AA2B79BA1400BBD98D;
			packageReferences = (
				5FB6890A2B79CEA200BBD98D /* XCRemoteSwiftPackageReference "SnapKit" */,
				5F0777E72B996D0500FBA7E2 /* XCRemoteSwiftPackageReference "SDWebImage" */,
				5F07782E2BAD81ED00FBA7E2 /* XCRemoteSwiftPackageReference "realm-swift" */,
			);
			productRefGroup = 5FB688B42B79BA1400BBD98D /* Products */;
			projectDirPath = "";
			projectRoot = "";
			targets = (
				5FB688B22B79BA1400BBD98D /* NetflixClone-MVVM */,
				5FB688C82B79BA1600BBD98D /* NetflixClone-MVVMTests */,
				5FB688D22B79BA1600BBD98D /* NetflixClone-MVVMUITests */,
			);
		};
/* End PBXProject section */

/* Begin PBXResourcesBuildPhase section */
		5FB688B12B79BA1400BBD98D /* Resources */ = {
			isa = PBXResourcesBuildPhase;
			buildActionMask = 2147483647;
			files = (
				5FB688C32B79BA1500BBD98D /* LaunchScreen.storyboard in Resources */,
				5FB688C02B79BA1500BBD98D /* Assets.xcassets in Resources */,
			);
			runOnlyForDeploymentPostprocessing = 0;
		};
		5FB688C72B79BA1600BBD98D /* Resources */ = {
			isa = PBXResourcesBuildPhase;
			buildActionMask = 2147483647;
			files = (
			);
			runOnlyForDeploymentPostprocessing = 0;
		};
		5FB688D12B79BA1600BBD98D /* Resources */ = {
			isa = PBXResourcesBuildPhase;
			buildActionMask = 2147483647;
			files = (
			);
			runOnlyForDeploymentPostprocessing = 0;
		};
/* End PBXResourcesBuildPhase section */

/* Begin PBXSourcesBuildPhase section */
		5FB688AF2B79BA1400BBD98D /* Sources */ = {
			isa = PBXSourcesBuildPhase;
			buildActionMask = 2147483647;
			files = (
				5F0778072BA28C7F00FBA7E2 /* SearchedCollectionViewCell.swift in Sources */,
				5F0778352BAD85C700FBA7E2 /* RealmMovieObject.swift in Sources */,
				5F0778232BAB05CD00FBA7E2 /* CustomToolbar.swift in Sources */,
				5F0777FA2B9D857300FBA7E2 /* UpComingViewModel.swift in Sources */,
				5F0778372BAD898200FBA7E2 /* RealmService.swift in Sources */,
				5FB689092B79C6DE00BBD98D /* AppIcon.swift in Sources */,
				5F0778202BA6F37100FBA7E2 /* MovieDetailModel.swift in Sources */,
				5FB689062B79C61400BBD98D /* DiscoverViewController.swift in Sources */,
				5F0778172BA5DE8F00FBA7E2 /* SearchViewBuilder.swift in Sources */,
				5F0778192BA5E1F000FBA7E2 /* CustomActivityIndicator.swift in Sources */,
				5FB688FD2B79BBA100BBD98D /* SearchViewController.swift in Sources */,
				5FB688B72B79BA1400BBD98D /* AppDelegate.swift in Sources */,
				5FB689022B79BC5E00BBD98D /* MainTabbarController.swift in Sources */,
				5F0777E62B99606E00FBA7E2 /* HomeViewBuilder.swift in Sources */,
				5F0777EF2B9AEDC800FBA7E2 /* HomeSectionTableView.swift in Sources */,
				5F0778102BA3FD3900FBA7E2 /* SearchResultsViewController.swift in Sources */,
				5FB688B92B79BA1400BBD98D /* SceneDelegate.swift in Sources */,
				5F0777E02B981DEE00FBA7E2 /* HomeViewModelContracts.swift in Sources */,
				5F0778032BA013CE00FBA7E2 /* MovieCategoryModel.swift in Sources */,
				5FB688F72B79BB6700BBD98D /* HomeViewModel.swift in Sources */,
				5F0778152BA5D98400FBA7E2 /* SearchViewModel.swift in Sources */,
				5F0777D22B956EA900FBA7E2 /* AppTheme.swift in Sources */,
				5F07781E2BA6EC7200FBA7E2 /* DetailViewController.swift in Sources */,
				5F0778292BAB13F300FBA7E2 /* DetailViewModelContracts.swift in Sources */,
				5F0778012B9D922800FBA7E2 /* UpComingTableViewCell.swift in Sources */,
				5FB688FA2B79BB8200BBD98D /* UpComingViewController.swift in Sources */,
				5F07782D2BAC320B00FBA7E2 /* ViewController+Extension.swift in Sources */,
				5F0778272BAB13DE00FBA7E2 /* DetailViewModel.swift in Sources */,
				5FB689002B79BBC000BBD98D /* DownloadViewController.swift in Sources */,
				5F0777E22B981F3800FBA7E2 /* MovieModel.swift in Sources */,
				5F07780A2BA291CE00FBA7E2 /* SearchedSectionHeaderCollectionReusableView.swift in Sources */,
				5F0778052BA0188000FBA7E2 /* CategoryTableViewCell.swift in Sources */,
				5F0777FC2B9D857F00FBA7E2 /* UpComingViewModelContracts.swift in Sources */,
				5F0777FE2B9D88BC00FBA7E2 /* UpComingViewBuilder.swift in Sources */,
				5FB688F42B79BB4500BBD98D /* HomeViewController.swift in Sources */,
				5F4B7D3B2B8C15410004354D /* MovieCollectionViewTableViewCell.swift in Sources */,
				5F07782B2BAB170600FBA7E2 /* DetailViewBuilder.swift in Sources */,
				5F4B7D362B8C0A340004354D /* AppSearchButton.swift in Sources */,
				5F0777DA2B964E0700FBA7E2 /* HomeHeaderCollectionViewCell.swift in Sources */,
				5F0777E42B9942C500FBA7E2 /* HomeHeaderFooterView.swift in Sources */,
				5F0778132BA5D82E00FBA7E2 /* SearchViewModelContracts.swift in Sources */,
				5F0777DE2B98187A00FBA7E2 /* NetworkCaller.swift in Sources */,
				5F0777ED2B9AE59300FBA7E2 /* MovieCollectionViewCell.swift in Sources */,
				5F0777DC2B98146300FBA7E2 /* NetworkConstants.swift in Sources */,
				5F0777D62B95772D00FBA7E2 /* Screen+Extension.swift in Sources */,
			);
			runOnlyForDeploymentPostprocessing = 0;
		};
		5FB688C52B79BA1600BBD98D /* Sources */ = {
			isa = PBXSourcesBuildPhase;
			buildActionMask = 2147483647;
			files = (
				5FB688CE2B79BA1600BBD98D /* NetflixClone_MVVMTests.swift in Sources */,
			);
			runOnlyForDeploymentPostprocessing = 0;
		};
		5FB688CF2B79BA1600BBD98D /* Sources */ = {
			isa = PBXSourcesBuildPhase;
			buildActionMask = 2147483647;
			files = (
				5FB688D82B79BA1600BBD98D /* NetflixClone_MVVMUITests.swift in Sources */,
				5FB688DA2B79BA1600BBD98D /* NetflixClone_MVVMUITestsLaunchTests.swift in Sources */,
			);
			runOnlyForDeploymentPostprocessing = 0;
		};
/* End PBXSourcesBuildPhase section */

/* Begin PBXTargetDependency section */
		5FB688CB2B79BA1600BBD98D /* PBXTargetDependency */ = {
			isa = PBXTargetDependency;
			target = 5FB688B22B79BA1400BBD98D /* NetflixClone-MVVM */;
			targetProxy = 5FB688CA2B79BA1600BBD98D /* PBXContainerItemProxy */;
		};
		5FB688D52B79BA1600BBD98D /* PBXTargetDependency */ = {
			isa = PBXTargetDependency;
			target = 5FB688B22B79BA1400BBD98D /* NetflixClone-MVVM */;
			targetProxy = 5FB688D42B79BA1600BBD98D /* PBXContainerItemProxy */;
		};
/* End PBXTargetDependency section */

/* Begin PBXVariantGroup section */
		5FB688C12B79BA1500BBD98D /* LaunchScreen.storyboard */ = {
			isa = PBXVariantGroup;
			children = (
				5FB688C22B79BA1500BBD98D /* Base */,
			);
			name = LaunchScreen.storyboard;
			sourceTree = "<group>";
		};
/* End PBXVariantGroup section */

/* Begin XCBuildConfiguration section */
		5FB688DB2B79BA1600BBD98D /* Debug */ = {
			isa = XCBuildConfiguration;
			buildSettings = {
				ALWAYS_SEARCH_USER_PATHS = NO;
				ASSETCATALOG_COMPILER_GENERATE_SWIFT_ASSET_SYMBOL_EXTENSIONS = YES;
				CLANG_ANALYZER_NONNULL = YES;
				CLANG_ANALYZER_NUMBER_OBJECT_CONVERSION = YES_AGGRESSIVE;
				CLANG_CXX_LANGUAGE_STANDARD = "gnu++20";
				CLANG_ENABLE_MODULES = YES;
				CLANG_ENABLE_OBJC_ARC = YES;
				CLANG_ENABLE_OBJC_WEAK = YES;
				CLANG_WARN_BLOCK_CAPTURE_AUTORELEASING = YES;
				CLANG_WARN_BOOL_CONVERSION = YES;
				CLANG_WARN_COMMA = YES;
				CLANG_WARN_CONSTANT_CONVERSION = YES;
				CLANG_WARN_DEPRECATED_OBJC_IMPLEMENTATIONS = YES;
				CLANG_WARN_DIRECT_OBJC_ISA_USAGE = YES_ERROR;
				CLANG_WARN_DOCUMENTATION_COMMENTS = YES;
				CLANG_WARN_EMPTY_BODY = YES;
				CLANG_WARN_ENUM_CONVERSION = YES;
				CLANG_WARN_INFINITE_RECURSION = YES;
				CLANG_WARN_INT_CONVERSION = YES;
				CLANG_WARN_NON_LITERAL_NULL_CONVERSION = YES;
				CLANG_WARN_OBJC_IMPLICIT_RETAIN_SELF = YES;
				CLANG_WARN_OBJC_LITERAL_CONVERSION = YES;
				CLANG_WARN_OBJC_ROOT_CLASS = YES_ERROR;
				CLANG_WARN_QUOTED_INCLUDE_IN_FRAMEWORK_HEADER = YES;
				CLANG_WARN_RANGE_LOOP_ANALYSIS = YES;
				CLANG_WARN_STRICT_PROTOTYPES = YES;
				CLANG_WARN_SUSPICIOUS_MOVE = YES;
				CLANG_WARN_UNGUARDED_AVAILABILITY = YES_AGGRESSIVE;
				CLANG_WARN_UNREACHABLE_CODE = YES;
				CLANG_WARN__DUPLICATE_METHOD_MATCH = YES;
				COPY_PHASE_STRIP = NO;
				DEBUG_INFORMATION_FORMAT = dwarf;
				ENABLE_STRICT_OBJC_MSGSEND = YES;
				ENABLE_TESTABILITY = YES;
				ENABLE_USER_SCRIPT_SANDBOXING = YES;
				GCC_C_LANGUAGE_STANDARD = gnu17;
				GCC_DYNAMIC_NO_PIC = NO;
				GCC_NO_COMMON_BLOCKS = YES;
				GCC_OPTIMIZATION_LEVEL = 0;
				GCC_PREPROCESSOR_DEFINITIONS = (
					"DEBUG=1",
					"$(inherited)",
				);
				GCC_WARN_64_TO_32_BIT_CONVERSION = YES;
				GCC_WARN_ABOUT_RETURN_TYPE = YES_ERROR;
				GCC_WARN_UNDECLARED_SELECTOR = YES;
				GCC_WARN_UNINITIALIZED_AUTOS = YES_AGGRESSIVE;
				GCC_WARN_UNUSED_FUNCTION = YES;
				GCC_WARN_UNUSED_VARIABLE = YES;
				IPHONEOS_DEPLOYMENT_TARGET = 17.2;
				LOCALIZATION_PREFERS_STRING_CATALOGS = YES;
				MTL_ENABLE_DEBUG_INFO = INCLUDE_SOURCE;
				MTL_FAST_MATH = YES;
				ONLY_ACTIVE_ARCH = YES;
				SDKROOT = iphoneos;
				SWIFT_ACTIVE_COMPILATION_CONDITIONS = "DEBUG $(inherited)";
				SWIFT_OPTIMIZATION_LEVEL = "-Onone";
			};
			name = Debug;
		};
		5FB688DC2B79BA1600BBD98D /* Release */ = {
			isa = XCBuildConfiguration;
			buildSettings = {
				ALWAYS_SEARCH_USER_PATHS = NO;
				ASSETCATALOG_COMPILER_GENERATE_SWIFT_ASSET_SYMBOL_EXTENSIONS = YES;
				CLANG_ANALYZER_NONNULL = YES;
				CLANG_ANALYZER_NUMBER_OBJECT_CONVERSION = YES_AGGRESSIVE;
				CLANG_CXX_LANGUAGE_STANDARD = "gnu++20";
				CLANG_ENABLE_MODULES = YES;
				CLANG_ENABLE_OBJC_ARC = YES;
				CLANG_ENABLE_OBJC_WEAK = YES;
				CLANG_WARN_BLOCK_CAPTURE_AUTORELEASING = YES;
				CLANG_WARN_BOOL_CONVERSION = YES;
				CLANG_WARN_COMMA = YES;
				CLANG_WARN_CONSTANT_CONVERSION = YES;
				CLANG_WARN_DEPRECATED_OBJC_IMPLEMENTATIONS = YES;
				CLANG_WARN_DIRECT_OBJC_ISA_USAGE = YES_ERROR;
				CLANG_WARN_DOCUMENTATION_COMMENTS = YES;
				CLANG_WARN_EMPTY_BODY = YES;
				CLANG_WARN_ENUM_CONVERSION = YES;
				CLANG_WARN_INFINITE_RECURSION = YES;
				CLANG_WARN_INT_CONVERSION = YES;
				CLANG_WARN_NON_LITERAL_NULL_CONVERSION = YES;
				CLANG_WARN_OBJC_IMPLICIT_RETAIN_SELF = YES;
				CLANG_WARN_OBJC_LITERAL_CONVERSION = YES;
				CLANG_WARN_OBJC_ROOT_CLASS = YES_ERROR;
				CLANG_WARN_QUOTED_INCLUDE_IN_FRAMEWORK_HEADER = YES;
				CLANG_WARN_RANGE_LOOP_ANALYSIS = YES;
				CLANG_WARN_STRICT_PROTOTYPES = YES;
				CLANG_WARN_SUSPICIOUS_MOVE = YES;
				CLANG_WARN_UNGUARDED_AVAILABILITY = YES_AGGRESSIVE;
				CLANG_WARN_UNREACHABLE_CODE = YES;
				CLANG_WARN__DUPLICATE_METHOD_MATCH = YES;
				COPY_PHASE_STRIP = NO;
				DEBUG_INFORMATION_FORMAT = "dwarf-with-dsym";
				ENABLE_NS_ASSERTIONS = NO;
				ENABLE_STRICT_OBJC_MSGSEND = YES;
				ENABLE_USER_SCRIPT_SANDBOXING = YES;
				GCC_C_LANGUAGE_STANDARD = gnu17;
				GCC_NO_COMMON_BLOCKS = YES;
				GCC_WARN_64_TO_32_BIT_CONVERSION = YES;
				GCC_WARN_ABOUT_RETURN_TYPE = YES_ERROR;
				GCC_WARN_UNDECLARED_SELECTOR = YES;
				GCC_WARN_UNINITIALIZED_AUTOS = YES_AGGRESSIVE;
				GCC_WARN_UNUSED_FUNCTION = YES;
				GCC_WARN_UNUSED_VARIABLE = YES;
				IPHONEOS_DEPLOYMENT_TARGET = 17.2;
				LOCALIZATION_PREFERS_STRING_CATALOGS = YES;
				MTL_ENABLE_DEBUG_INFO = NO;
				MTL_FAST_MATH = YES;
				SDKROOT = iphoneos;
				SWIFT_COMPILATION_MODE = wholemodule;
				VALIDATE_PRODUCT = YES;
			};
			name = Release;
		};
		5FB688DE2B79BA1600BBD98D /* Debug */ = {
			isa = XCBuildConfiguration;
			buildSettings = {
				ASSETCATALOG_COMPILER_APPICON_NAME = AppIcon;
				ASSETCATALOG_COMPILER_GLOBAL_ACCENT_COLOR_NAME = AccentColor;
				CODE_SIGN_STYLE = Automatic;
				CURRENT_PROJECT_VERSION = 1;
				DEVELOPMENT_TEAM = UKXQYP47Y9;
				GENERATE_INFOPLIST_FILE = YES;
				INFOPLIST_FILE = "NetflixClone-MVVM/Support/Info.plist";
				INFOPLIST_KEY_UIApplicationSupportsIndirectInputEvents = YES;
				INFOPLIST_KEY_UILaunchStoryboardName = LaunchScreen;
				INFOPLIST_KEY_UISupportedInterfaceOrientations_iPad = "UIInterfaceOrientationPortrait UIInterfaceOrientationPortraitUpsideDown UIInterfaceOrientationLandscapeLeft UIInterfaceOrientationLandscapeRight";
				INFOPLIST_KEY_UISupportedInterfaceOrientations_iPhone = "UIInterfaceOrientationPortrait UIInterfaceOrientationLandscapeLeft UIInterfaceOrientationLandscapeRight";
				LD_RUNPATH_SEARCH_PATHS = (
					"$(inherited)",
					"@executable_path/Frameworks",
				);
				MARKETING_VERSION = 1.0;
				PRODUCT_BUNDLE_IDENTIFIER = "com.tahaturan.testone.NetflixClone-MVVM";
				PRODUCT_NAME = "$(TARGET_NAME)";
				SWIFT_EMIT_LOC_STRINGS = YES;
				SWIFT_VERSION = 5.0;
				TARGETED_DEVICE_FAMILY = "1,2";
			};
			name = Debug;
		};
		5FB688DF2B79BA1600BBD98D /* Release */ = {
			isa = XCBuildConfiguration;
			buildSettings = {
				ASSETCATALOG_COMPILER_APPICON_NAME = AppIcon;
				ASSETCATALOG_COMPILER_GLOBAL_ACCENT_COLOR_NAME = AccentColor;
				CODE_SIGN_STYLE = Automatic;
				CURRENT_PROJECT_VERSION = 1;
				DEVELOPMENT_TEAM = UKXQYP47Y9;
				GENERATE_INFOPLIST_FILE = YES;
				INFOPLIST_FILE = "NetflixClone-MVVM/Support/Info.plist";
				INFOPLIST_KEY_UIApplicationSupportsIndirectInputEvents = YES;
				INFOPLIST_KEY_UILaunchStoryboardName = LaunchScreen;
				INFOPLIST_KEY_UISupportedInterfaceOrientations_iPad = "UIInterfaceOrientationPortrait UIInterfaceOrientationPortraitUpsideDown UIInterfaceOrientationLandscapeLeft UIInterfaceOrientationLandscapeRight";
				INFOPLIST_KEY_UISupportedInterfaceOrientations_iPhone = "UIInterfaceOrientationPortrait UIInterfaceOrientationLandscapeLeft UIInterfaceOrientationLandscapeRight";
				LD_RUNPATH_SEARCH_PATHS = (
					"$(inherited)",
					"@executable_path/Frameworks",
				);
				MARKETING_VERSION = 1.0;
				PRODUCT_BUNDLE_IDENTIFIER = "com.tahaturan.testone.NetflixClone-MVVM";
				PRODUCT_NAME = "$(TARGET_NAME)";
				SWIFT_EMIT_LOC_STRINGS = YES;
				SWIFT_VERSION = 5.0;
				TARGETED_DEVICE_FAMILY = "1,2";
			};
			name = Release;
		};
		5FB688E12B79BA1600BBD98D /* Debug */ = {
			isa = XCBuildConfiguration;
			buildSettings = {
				ALWAYS_EMBED_SWIFT_STANDARD_LIBRARIES = YES;
				BUNDLE_LOADER = "$(TEST_HOST)";
				CODE_SIGN_STYLE = Automatic;
				CURRENT_PROJECT_VERSION = 1;
				DEVELOPMENT_TEAM = UKXQYP47Y9;
				GENERATE_INFOPLIST_FILE = YES;
				IPHONEOS_DEPLOYMENT_TARGET = 17.2;
				MARKETING_VERSION = 1.0;
				PRODUCT_BUNDLE_IDENTIFIER = "com.tahaturan.testone.NetflixClone-MVVMTests";
				PRODUCT_NAME = "$(TARGET_NAME)";
				SWIFT_EMIT_LOC_STRINGS = NO;
				SWIFT_VERSION = 5.0;
				TARGETED_DEVICE_FAMILY = "1,2";
				TEST_HOST = "$(BUILT_PRODUCTS_DIR)/NetflixClone-MVVM.app/$(BUNDLE_EXECUTABLE_FOLDER_PATH)/NetflixClone-MVVM";
			};
			name = Debug;
		};
		5FB688E22B79BA1600BBD98D /* Release */ = {
			isa = XCBuildConfiguration;
			buildSettings = {
				ALWAYS_EMBED_SWIFT_STANDARD_LIBRARIES = YES;
				BUNDLE_LOADER = "$(TEST_HOST)";
				CODE_SIGN_STYLE = Automatic;
				CURRENT_PROJECT_VERSION = 1;
				DEVELOPMENT_TEAM = UKXQYP47Y9;
				GENERATE_INFOPLIST_FILE = YES;
				IPHONEOS_DEPLOYMENT_TARGET = 17.2;
				MARKETING_VERSION = 1.0;
				PRODUCT_BUNDLE_IDENTIFIER = "com.tahaturan.testone.NetflixClone-MVVMTests";
				PRODUCT_NAME = "$(TARGET_NAME)";
				SWIFT_EMIT_LOC_STRINGS = NO;
				SWIFT_VERSION = 5.0;
				TARGETED_DEVICE_FAMILY = "1,2";
				TEST_HOST = "$(BUILT_PRODUCTS_DIR)/NetflixClone-MVVM.app/$(BUNDLE_EXECUTABLE_FOLDER_PATH)/NetflixClone-MVVM";
			};
			name = Release;
		};
		5FB688E42B79BA1600BBD98D /* Debug */ = {
			isa = XCBuildConfiguration;
			buildSettings = {
				ALWAYS_EMBED_SWIFT_STANDARD_LIBRARIES = YES;
				CODE_SIGN_STYLE = Automatic;
				CURRENT_PROJECT_VERSION = 1;
				DEVELOPMENT_TEAM = UKXQYP47Y9;
				GENERATE_INFOPLIST_FILE = YES;
				MARKETING_VERSION = 1.0;
				PRODUCT_BUNDLE_IDENTIFIER = "com.tahaturan.testone.NetflixClone-MVVMUITests";
				PRODUCT_NAME = "$(TARGET_NAME)";
				SWIFT_EMIT_LOC_STRINGS = NO;
				SWIFT_VERSION = 5.0;
				TARGETED_DEVICE_FAMILY = "1,2";
				TEST_TARGET_NAME = "NetflixClone-MVVM";
			};
			name = Debug;
		};
		5FB688E52B79BA1600BBD98D /* Release */ = {
			isa = XCBuildConfiguration;
			buildSettings = {
				ALWAYS_EMBED_SWIFT_STANDARD_LIBRARIES = YES;
				CODE_SIGN_STYLE = Automatic;
				CURRENT_PROJECT_VERSION = 1;
				DEVELOPMENT_TEAM = UKXQYP47Y9;
				GENERATE_INFOPLIST_FILE = YES;
				MARKETING_VERSION = 1.0;
				PRODUCT_BUNDLE_IDENTIFIER = "com.tahaturan.testone.NetflixClone-MVVMUITests";
				PRODUCT_NAME = "$(TARGET_NAME)";
				SWIFT_EMIT_LOC_STRINGS = NO;
				SWIFT_VERSION = 5.0;
				TARGETED_DEVICE_FAMILY = "1,2";
				TEST_TARGET_NAME = "NetflixClone-MVVM";
			};
			name = Release;
		};
/* End XCBuildConfiguration section */

/* Begin XCConfigurationList section */
		5FB688AE2B79BA1400BBD98D /* Build configuration list for PBXProject "NetflixClone-MVVM" */ = {
			isa = XCConfigurationList;
			buildConfigurations = (
				5FB688DB2B79BA1600BBD98D /* Debug */,
				5FB688DC2B79BA1600BBD98D /* Release */,
			);
			defaultConfigurationIsVisible = 0;
			defaultConfigurationName = Release;
		};
		5FB688DD2B79BA1600BBD98D /* Build configuration list for PBXNativeTarget "NetflixClone-MVVM" */ = {
			isa = XCConfigurationList;
			buildConfigurations = (
				5FB688DE2B79BA1600BBD98D /* Debug */,
				5FB688DF2B79BA1600BBD98D /* Release */,
			);
			defaultConfigurationIsVisible = 0;
			defaultConfigurationName = Release;
		};
		5FB688E02B79BA1600BBD98D /* Build configuration list for PBXNativeTarget "NetflixClone-MVVMTests" */ = {
			isa = XCConfigurationList;
			buildConfigurations = (
				5FB688E12B79BA1600BBD98D /* Debug */,
				5FB688E22B79BA1600BBD98D /* Release */,
			);
			defaultConfigurationIsVisible = 0;
			defaultConfigurationName = Release;
		};
		5FB688E32B79BA1600BBD98D /* Build configuration list for PBXNativeTarget "NetflixClone-MVVMUITests" */ = {
			isa = XCConfigurationList;
			buildConfigurations = (
				5FB688E42B79BA1600BBD98D /* Debug */,
				5FB688E52B79BA1600BBD98D /* Release */,
			);
			defaultConfigurationIsVisible = 0;
			defaultConfigurationName = Release;
		};
/* End XCConfigurationList section */

/* Begin XCRemoteSwiftPackageReference section */
		5F0777E72B996D0500FBA7E2 /* XCRemoteSwiftPackageReference "SDWebImage" */ = {
			isa = XCRemoteSwiftPackageReference;
			repositoryURL = "https://github.com/SDWebImage/SDWebImage";
			requirement = {
				kind = upToNextMajorVersion;
				minimumVersion = 5.19.0;
			};
		};
		5F07782E2BAD81ED00FBA7E2 /* XCRemoteSwiftPackageReference "realm-swift" */ = {
			isa = XCRemoteSwiftPackageReference;
			repositoryURL = "https://github.com/realm/realm-swift.git";
			requirement = {
				branch = master;
				kind = branch;
			};
		};
		5FB6890A2B79CEA200BBD98D /* XCRemoteSwiftPackageReference "SnapKit" */ = {
			isa = XCRemoteSwiftPackageReference;
			repositoryURL = "https://github.com/SnapKit/SnapKit";
			requirement = {
				kind = upToNextMajorVersion;
				minimumVersion = 5.7.0;
			};
		};
/* End XCRemoteSwiftPackageReference section */

/* Begin XCSwiftPackageProductDependency section */
		5F0777E82B996D0500FBA7E2 /* SDWebImage */ = {
			isa = XCSwiftPackageProductDependency;
			package = 5F0777E72B996D0500FBA7E2 /* XCRemoteSwiftPackageReference "SDWebImage" */;
			productName = SDWebImage;
		};
		5F07782F2BAD81ED00FBA7E2 /* Realm */ = {
			isa = XCSwiftPackageProductDependency;
			package = 5F07782E2BAD81ED00FBA7E2 /* XCRemoteSwiftPackageReference "realm-swift" */;
			productName = Realm;
		};
		5F0778312BAD81ED00FBA7E2 /* RealmSwift */ = {
			isa = XCSwiftPackageProductDependency;
			package = 5F07782E2BAD81ED00FBA7E2 /* XCRemoteSwiftPackageReference "realm-swift" */;
			productName = RealmSwift;
		};
		5FB6890B2B79CEA200BBD98D /* SnapKit */ = {
			isa = XCSwiftPackageProductDependency;
			package = 5FB6890A2B79CEA200BBD98D /* XCRemoteSwiftPackageReference "SnapKit" */;
			productName = SnapKit;
		};
/* End XCSwiftPackageProductDependency section */
	};
	rootObject = 5FB688AB2B79BA1400BBD98D /* Project object */;
}
